
Microsoft Visual Studio Solution File, Format Version 12.00
# Visual Studio Version 16
VisualStudioVersion = 16.0.31729.503
MinimumVisualStudioVersion = 10.0.40219.1
Project("{FAE04EC0-301F-11D3-BF4B-00C04F79EFBC}") = "TicTacToe", "TicTacToe\TicTacToe.csproj", "{12FFDED9-91A6-4CCE-9A9A-6F26549A97CF}"
EndProject
Global
	GlobalSection(SolutionConfigurationPlatforms) = preSolution
		Debug|Any CPU = Debug|Any CPU
		Release|Any CPU = Release|Any CPU
	EndGlobalSection
	GlobalSection(ProjectConfigurationPlatforms) = postSolution
		{12FFDED9-91A6-4CCE-9A9A-6F26549A97CF}.Debug|Any CPU.ActiveCfg = Debug|Any CPU
		{12FFDED9-91A6-4CCE-9A9A-6F26549A97CF}.Debug|Any CPU.Build.0 = Debug|Any CPU
		{12FFDED9-91A6-4CCE-9A9A-6F26549A97CF}.Release|Any CPU.ActiveCfg = Release|Any CPU
		{12FFDED9-91A6-4CCE-9A9A-6F26549A97CF}.Release|Any CPU.Build.0 = Release|Any CPU
	EndGlobalSection
	GlobalSection(SolutionProperties) = preSolution
		HideSolutionNode = FALSE
	EndGlobalSection
	GlobalSection(ExtensibilityGlobals) = postSolution
		SolutionGuid = {3955C33E-8B30-4A4A-934E-9E35296A5492}
	EndGlobalSection
EndGlobal
